
Microsoft Visual Studio Solution File, Format Version 12.00
# Visual Studio Version 17
VisualStudioVersion = 17.11.35312.102
MinimumVisualStudioVersion = 10.0.40219.1
Project("{FAE04EC0-301F-11D3-BF4B-00C04F79EFBC}") = "EFCRUDop", "EFCRUDop\EFCRUDop.csproj", "{A53504E5-F463-460B-9276-160A7A38D57B}"
EndProject
Project("{FAE04EC0-301F-11D3-BF4B-00C04F79EFBC}") = "EFlib", "EFlib\EFlib.csproj", "{A3965A15-23E0-431D-A329-DAB3C4E51C3A}"
EndProject
Global
	GlobalSection(SolutionConfigurationPlatforms) = preSolution
		Debug|Any CPU = Debug|Any CPU
		Release|Any CPU = Release|Any CPU
	EndGlobalSection
	GlobalSection(ProjectConfigurationPlatforms) = postSolution
		{A53504E5-F463-460B-9276-160A7A38D57B}.Debug|Any CPU.ActiveCfg = Debug|Any CPU
		{A53504E5-F463-460B-9276-160A7A38D57B}.Debug|Any CPU.Build.0 = Debug|Any CPU
		{A53504E5-F463-460B-9276-160A7A38D57B}.Release|Any CPU.ActiveCfg = Release|Any CPU
		{A53504E5-F463-460B-9276-160A7A38D57B}.Release|Any CPU.Build.0 = Release|Any CPU
		{A3965A15-23E0-431D-A329-DAB3C4E51C3A}.Debug|Any CPU.ActiveCfg = Debug|Any CPU
		{A3965A15-23E0-431D-A329-DAB3C4E51C3A}.Debug|Any CPU.Build.0 = Debug|Any CPU
		{A3965A15-23E0-431D-A329-DAB3C4E51C3A}.Release|Any CPU.ActiveCfg = Release|Any CPU
		{A3965A15-23E0-431D-A329-DAB3C4E51C3A}.Release|Any CPU.Build.0 = Release|Any CPU
	EndGlobalSection
	GlobalSection(SolutionProperties) = preSolution
		HideSolutionNode = FALSE
	EndGlobalSection
	GlobalSection(ExtensibilityGlobals) = postSolution
		SolutionGuid = {021D6BAD-4924-42D1-B07E-8CEDB0393EF4}
	EndGlobalSection
EndGlobal
